
Microsoft Visual Studio Solution File, Format Version 12.00
# Visual Studio Version 17
VisualStudioVersion = 17.5.002.0
MinimumVisualStudioVersion = 10.0.40219.1
Project("{9A19103F-16F7-4668-BE54-9A1E7A4F7556}") = "lab4.0", "lab4.0.csproj", "{D6F15CB8-C1AD-468D-ADD6-6F97381DC326}"
EndProject
Global
	GlobalSection(SolutionConfigurationPlatforms) = preSolution
		Debug|Any CPU = Debug|Any CPU
		Release|Any CPU = Release|Any CPU
	EndGlobalSection
	GlobalSection(ProjectConfigurationPlatforms) = postSolution
		{D6F15CB8-C1AD-468D-ADD6-6F97381DC326}.Debug|Any CPU.ActiveCfg = Debug|Any CPU
		{D6F15CB8-C1AD-468D-ADD6-6F97381DC326}.Debug|Any CPU.Build.0 = Debug|Any CPU
		{D6F15CB8-C1AD-468D-ADD6-6F97381DC326}.Release|Any CPU.ActiveCfg = Release|Any CPU
		{D6F15CB8-C1AD-468D-ADD6-6F97381DC326}.Release|Any CPU.Build.0 = Release|Any CPU
	EndGlobalSection
	GlobalSection(SolutionProperties) = preSolution
		HideSolutionNode = FALSE
	EndGlobalSection
	GlobalSection(ExtensibilityGlobals) = postSolution
		SolutionGuid = {61DBE4D8-D2F3-43ED-8FBB-281D74F33800}
	EndGlobalSection
EndGlobal
